
Microsoft Visual Studio Solution File, Format Version 11.00
# Visual Studio 2010
Project("{F184B08F-C81C-45F6-A57F-5ABD9991F28F}") = "pro", "pro\pro.vbproj", "{456CF3E5-423E-49B9-875A-403085DC5C95}"
EndProject
Global
	GlobalSection(SolutionConfigurationPlatforms) = preSolution
		Debug|x86 = Debug|x86
		Release|x86 = Release|x86
	EndGlobalSection
	GlobalSection(ProjectConfigurationPlatforms) = postSolution
		{456CF3E5-423E-49B9-875A-403085DC5C95}.Debug|x86.ActiveCfg = Debug|x86
		{456CF3E5-423E-49B9-875A-403085DC5C95}.Debug|x86.Build.0 = Debug|x86
		{456CF3E5-423E-49B9-875A-403085DC5C95}.Release|x86.ActiveCfg = Release|x86
		{456CF3E5-423E-49B9-875A-403085DC5C95}.Release|x86.Build.0 = Release|x86
	EndGlobalSection
	GlobalSection(SolutionProperties) = preSolution
		HideSolutionNode = FALSE
	EndGlobalSection
EndGlobal
